{
  "name": "local-web-search",
  "version": "0.2.0",
  "lockfileVersion": 3,
  "requires": true,
  "packages": {
    "": {
      "name": "local-web-search",
      "version": "0.2.0",
      "license": "MIT",
      "dependencies": {
        "bun": "^1.2.4",
        "playwright-core": "^1.50.1"
      },
      "bin": {
        "local-web-search": "cli.js"
      },
      "devDependencies": {
        "@mozilla/readability": "^0.5.0",
        "@types/bun": "latest",
        "@types/turndown": "^5.0.5",
        "cac": "^6.7.14",
        "p-queue": "^8.1.0",
        "prettier": "^3.4.2",
        "rolldown": "^1.0.0-beta.3",
        "turndown": "^7.2.0",
        "turndown-plugin-gfm": "^1.0.2",
        "typescript": "^5.8.2"
      }
    },
    "node_modules/@emnapi/core": {
      "version": "1.3.1",
      "resolved": "https://registry.npmjs.org/@emnapi/core/-/core-1.3.1.tgz",
      "integrity": "sha512-pVGjBIt1Y6gg3EJN8jTcfpP/+uuRksIo055oE/OBkDNcjZqVbfkWCksG1Jp4yZnj3iKWyWX8fdG/j6UDYPbFog==",
      "dev": true,
      "license": "MIT",
      "optional": true,
      "dependencies": {
        "@emnapi/wasi-threads": "1.0.1",
        "tslib": "^2.4.0"
      }
    },
    "node_modules/@emnapi/runtime": {
      "version": "1.3.1",
      "resolved": "https://registry.npmjs.org/@emnapi/runtime/-/runtime-1.3.1.tgz",
      "integrity": "sha512-kEBmG8KyqtxJZv+ygbEim+KCGtIq1fC22Ms3S4ziXmYKm8uyoLX0MHONVKwp+9opg390VaKRNt4a7A9NwmpNhw==",
      "dev": true,
      "license": "MIT",
      "optional": true,
      "dependencies": {
        "tslib": "^2.4.0"
      }
    },
    "node_modules/@emnapi/wasi-threads": {
      "version": "1.0.1",
      "resolved": "https://registry.npmjs.org/@emnapi/wasi-threads/-/wasi-threads-1.0.1.tgz",
      "integrity": "sha512-iIBu7mwkq4UQGeMEM8bLwNK962nXdhodeScX4slfQnRhEMMzvYivHhutCIk8uojvmASXXPC2WNEjwxFWk72Oqw==",
      "dev": true,
      "license": "MIT",
      "optional": true,
      "dependencies": {
        "tslib": "^2.4.0"
      }
    },
    "node_modules/@mixmark-io/domino": {
      "version": "2.2.0",
      "resolved": "https://registry.npmjs.org/@mixmark-io/domino/-/domino-2.2.0.tgz",
      "integrity": "sha512-Y28PR25bHXUg88kCV7nivXrP2Nj2RueZ3/l/jdx6J9f8J4nsEGcgX0Qe6lt7Pa+J79+kPiJU3LguR6O/6zrLOw==",
      "dev": true,
      "license": "BSD-2-Clause"
    },
    "node_modules/@mozilla/readability": {
      "version": "0.5.0",
      "resolved": "https://registry.npmjs.org/@mozilla/readability/-/readability-0.5.0.tgz",
      "integrity": "sha512-Z+CZ3QaosfFaTqvhQsIktyGrjFjSC0Fa4EMph4mqKnWhmyoGICsV/8QK+8HpXut6zV7zwfWwqDmEjtk1Qf6EgQ==",
      "dev": true,
      "license": "Apache-2.0",
      "engines": {
        "node": ">=14.0.0"
      }
    },
    "node_modules/@napi-rs/wasm-runtime": {
      "version": "0.2.7",
      "resolved": "https://registry.npmjs.org/@napi-rs/wasm-runtime/-/wasm-runtime-0.2.7.tgz",
      "integrity": "sha512-5yximcFK5FNompXfJFoWanu5l8v1hNGqNHh9du1xETp9HWk/B/PzvchX55WYOPaIeNglG8++68AAiauBAtbnzw==",
      "dev": true,
      "license": "MIT",
      "optional": true,
      "dependencies": {
        "@emnapi/core": "^1.3.1",
        "@emnapi/runtime": "^1.3.1",
        "@tybys/wasm-util": "^0.9.0"
      }
    },
    "node_modules/@oven/bun-darwin-aarch64": {
      "version": "1.2.4",
      "resolved": "https://registry.npmjs.org/@oven/bun-darwin-aarch64/-/bun-darwin-aarch64-1.2.4.tgz",
      "integrity": "sha512-xBz/Q7X6AFwMg7MXtBemjjt5uB+tvEYBmi9Zbm1r8qnI2V8m/Smuhma0EARhiVfLuIAYj2EM5qjzxeAFV4TBJA==",
      "cpu": [
        "arm64"
      ],
      "license": "MIT",
      "optional": true,
      "os": [
        "darwin"
      ]
    },
    "node_modules/@oven/bun-darwin-x64": {
      "version": "1.2.4",
      "resolved": "https://registry.npmjs.org/@oven/bun-darwin-x64/-/bun-darwin-x64-1.2.4.tgz",
      "integrity": "sha512-ufyty+2754QCFDhq447H39JiqabMlFRItLn1YFp+2hdpKak7KCYLGOUuHnlr1pmImKJzDHURjnvTTq1QRlUWAA==",
      "cpu": [
        "x64"
      ],
      "license": "MIT",
      "optional": true,
      "os": [
        "darwin"
      ]
    },
    "node_modules/@oven/bun-darwin-x64-baseline": {
      "version": "1.2.4",
      "resolved": "https://registry.npmjs.org/@oven/bun-darwin-x64-baseline/-/bun-darwin-x64-baseline-1.2.4.tgz",
      "integrity": "sha512-stsq8vBiYgfGunBGlf2M7ST7Ymyw3WnwrxEeJ04vkKmMEEE2LpX8Rkol6UPRvZawab9s9/scFIRgFi6hu9H4SQ==",
      "cpu": [
        "x64"
      ],
      "license": "MIT",
      "optional": true,
      "os": [
        "darwin"
      ]
    },
    "node_modules/@oven/bun-linux-aarch64": {
      "version": "1.2.4",
      "resolved": "https://registry.npmjs.org/@oven/bun-linux-aarch64/-/bun-linux-aarch64-1.2.4.tgz",
      "integrity": "sha512-OhVpzme2vvLA7w8GYeJg2SQ2h2CwJQN9oYDiGeoML4EwE+DEoYHdxgaBZsQySOwZtFIr8ufpc/8iD4hssJ50qg==",
      "cpu": [
        "arm64"
      ],
      "license": "MIT",
      "optional": true,
      "os": [
        "linux"
      ]
    },
    "node_modules/@oven/bun-linux-aarch64-musl": {
      "version": "1.2.4",
      "resolved": "https://registry.npmjs.org/@oven/bun-linux-aarch64-musl/-/bun-linux-aarch64-musl-1.2.4.tgz",
      "integrity": "sha512-+lxWF7up9MuB1ZdGxXCH3AH3XmYtdBC6soQ38+yg3+y3iOPrAlSG+wytHEkypN/UU2mGvCuaEED3cMvejrGdDw==",
      "cpu": [
        "aarch64"
      ],
      "license": "MIT",
      "optional": true,
      "os": [
        "linux"
      ]
    },
    "node_modules/@oven/bun-linux-x64": {
      "version": "1.2.4",
      "resolved": "https://registry.npmjs.org/@oven/bun-linux-x64/-/bun-linux-x64-1.2.4.tgz",
      "integrity": "sha512-oof3ii92Cz2yIOZRbVFHMHmffCutRPFITIdXLZ2/rkqVuKUe0ZdqWjHPhxJFm31AL9MlJ/dSqDbPb51SaLI7tw==",
      "cpu": [
        "x64"
      ],
      "license": "MIT",
      "optional": true,
      "os": [
        "linux"
      ]
    },
    "node_modules/@oven/bun-linux-x64-baseline": {
      "version": "1.2.4",
      "resolved": "https://registry.npmjs.org/@oven/bun-linux-x64-baseline/-/bun-linux-x64-baseline-1.2.4.tgz",
      "integrity": "sha512-3nmDDZJH73MzhBg2sRYioj4CE8wgaz0w24OieMqj4/c44BbNr3X5RewrldsMD2cU6DtVbi52FuD5WpTw3N8nmw==",
      "cpu": [
        "x64"
      ],
      "license": "MIT",
      "optional": true,
      "os": [
        "linux"
      ]
    },
    "node_modules/@oven/bun-linux-x64-musl": {
      "version": "1.2.4",
      "resolved": "https://registry.npmjs.org/@oven/bun-linux-x64-musl/-/bun-linux-x64-musl-1.2.4.tgz",
      "integrity": "sha512-cLdMbK7srNoUbYSG3Tp4GYdPAO0+5mgUhdbU053GZs0DLQmQ8h1JQhALp+ZjrUWstmQe7ddcNu7l7EAu6E76XA==",
      "cpu": [
        "x64"
      ],
      "license": "MIT",
      "optional": true,
      "os": [
        "linux"
      ]
    },
    "node_modules/@oven/bun-linux-x64-musl-baseline": {
      "version": "1.2.4",
      "resolved": "https://registry.npmjs.org/@oven/bun-linux-x64-musl-baseline/-/bun-linux-x64-musl-baseline-1.2.4.tgz",
      "integrity": "sha512-qDsUvKCW0WUlVOt6Yx5eEzxgCbvzuSJBsu0sXtr6uGt8TnMKghmliRO5FmiMLQ0k/PUDA8vPJCtuv5k14bDi6g==",
      "cpu": [
        "x64"
      ],
      "license": "MIT",
      "optional": true,
      "os": [
        "linux"
      ]
    },
    "node_modules/@oven/bun-windows-x64": {
      "version": "1.2.4",
      "resolved": "https://registry.npmjs.org/@oven/bun-windows-x64/-/bun-windows-x64-1.2.4.tgz",
      "integrity": "sha512-4YRJd4pdaTWEM+uawYmchOeNv874RGAFpIZQubWnN4SBf6HfcDm0OMMZcm0f0I70Wd5gbPg1+rvCRtDZWVmZog==",
      "cpu": [
        "x64"
      ],
      "license": "MIT",
      "optional": true,
      "os": [
        "win32"
      ]
    },
    "node_modules/@oven/bun-windows-x64-baseline": {
      "version": "1.2.4",
      "resolved": "https://registry.npmjs.org/@oven/bun-windows-x64-baseline/-/bun-windows-x64-baseline-1.2.4.tgz",
      "integrity": "sha512-j/G4bnfsRAiCvpTADda40m29iSGvueIaF9Kc9hBu4jN8dTS9fEXdNNXuf8c30/z7/npxw2dhzsAn8jbc5QvD1A==",
      "cpu": [
        "x64"
      ],
      "license": "MIT",
      "optional": true,
      "os": [
        "win32"
      ]
    },
    "node_modules/@oxc-project/types": {
      "version": "0.46.0",
      "resolved": "https://registry.npmjs.org/@oxc-project/types/-/types-0.46.0.tgz",
      "integrity": "sha512-BHU261xrLasw04d2cToR36F6VV0T7t62rtQUprvBRL4Uru9P23moMkDmZUMSZSQj0fIUTA3oTOTwQ7cc4Av/iw==",
      "dev": true,
      "license": "MIT",
      "funding": {
        "url": "https://github.com/sponsors/Boshen"
      }
    },
    "node_modules/@rolldown/binding-darwin-arm64": {
      "version": "1.0.0-beta.3",
      "resolved": "https://registry.npmjs.org/@rolldown/binding-darwin-arm64/-/binding-darwin-arm64-1.0.0-beta.3.tgz",
      "integrity": "sha512-qB1ofY+09nDYYaEi5kVsjqy4cKsVPI9E5bkV46CRrQsTF/BBM29wpvaj8qTRQ41qwInFA5kmqnVVr35yfH7ddw==",
      "cpu": [
        "arm64"
      ],
      "dev": true,
      "license": "MIT",
      "optional": true,
      "os": [
        "darwin"
      ]
    },
    "node_modules/@rolldown/binding-darwin-x64": {
      "version": "1.0.0-beta.3",
      "resolved": "https://registry.npmjs.org/@rolldown/binding-darwin-x64/-/binding-darwin-x64-1.0.0-beta.3.tgz",
      "integrity": "sha512-Fk+rqyeszMaZK12wItqFDXdUadg+TVQqOPh0fdaCefVebd29N+9fpFrARyo8gReyt/lcnEN4nWgdn7l99R70QA==",
      "cpu": [
        "x64"
      ],
      "dev": true,
      "license": "MIT",
      "optional": true,
      "os": [
        "darwin"
      ]
    },
    "node_modules/@rolldown/binding-freebsd-x64": {
      "version": "1.0.0-beta.3",
      "resolved": "https://registry.npmjs.org/@rolldown/binding-freebsd-x64/-/binding-freebsd-x64-1.0.0-beta.3.tgz",
      "integrity": "sha512-B7QzJKu53MB/hvwO276AsyxN+p9lfgCkIO94TQB6t3auq3pDCC6u6gdRI1Ydwn6/gpMLiUNCW4mnpxCE5fE5tg==",
      "cpu": [
        "x64"
      ],
      "dev": true,
      "license": "MIT",
      "optional": true,
      "os": [
        "freebsd"
      ]
    },
    "node_modules/@rolldown/binding-linux-arm-gnueabihf": {
      "version": "1.0.0-beta.3",
      "resolved": "https://registry.npmjs.org/@rolldown/binding-linux-arm-gnueabihf/-/binding-linux-arm-gnueabihf-1.0.0-beta.3.tgz",
      "integrity": "sha512-NB5JrXP5dAigDTbvVc6VWiOY3Rr/0u1pi/9LYoBtMYiST7hYOrBPO9lvDF9w/23yKCr1+8PF4wFGR/YxKTNN5Q==",
      "cpu": [
        "arm"
      ],
      "dev": true,
      "license": "MIT",
      "optional": true,
      "os": [
        "linux"
      ]
    },
    "node_modules/@rolldown/binding-linux-arm64-gnu": {
      "version": "1.0.0-beta.3",
      "resolved": "https://registry.npmjs.org/@rolldown/binding-linux-arm64-gnu/-/binding-linux-arm64-gnu-1.0.0-beta.3.tgz",
      "integrity": "sha512-bYyZLXzJ2boZ7CdUuCSAaTcWkVKcBUOL+B86zv+tRyrtk4BIpHF+L+vOg5uPD/PHwrIglxAno5MN4NnpkUj5fQ==",
      "cpu": [
        "arm64"
      ],
      "dev": true,
      "license": "MIT",
      "optional": true,
      "os": [
        "linux"
      ]
    },
    "node_modules/@rolldown/binding-linux-arm64-musl": {
      "version": "1.0.0-beta.3",
      "resolved": "https://registry.npmjs.org/@rolldown/binding-linux-arm64-musl/-/binding-linux-arm64-musl-1.0.0-beta.3.tgz",
      "integrity": "sha512-t/jaaFrCSvwX2075jRfa2bwAcsuTtY1/sIT4XqsDg2MVxWQtaUyBx5Mi0pqZKTjdOPnL+f/zoUC9dxT2lUpNmw==",
      "cpu": [
        "arm64"
      ],
      "dev": true,
      "license": "MIT",
      "optional": true,
      "os": [
        "linux"
      ]
    },
    "node_modules/@rolldown/binding-linux-x64-gnu": {
      "version": "1.0.0-beta.3",
      "resolved": "https://registry.npmjs.org/@rolldown/binding-linux-x64-gnu/-/binding-linux-x64-gnu-1.0.0-beta.3.tgz",
      "integrity": "sha512-EeDNLPU0Xw8ByRWxNLO30AF0fKYkdb/6rH5G073NFBDkj7ggYR/CvsNBjtDeCJ7+I6JG4xUjete2+VeV+GQjiA==",
      "cpu": [
        "x64"
      ],
      "dev": true,
      "license": "MIT",
      "optional": true,
      "os": [
        "linux"
      ]
    },
    "node_modules/@rolldown/binding-linux-x64-musl": {
      "version": "1.0.0-beta.3",
      "resolved": "https://registry.npmjs.org/@rolldown/binding-linux-x64-musl/-/binding-linux-x64-musl-1.0.0-beta.3.tgz",
      "integrity": "sha512-iTcAj8FKac3nyQhvFuqKt6Xqu9YNDbe1ew6US2OSN4g3zwfujgylaRCitEG+Uzd7AZfSVVLAfqrxKMa36Sj9Mg==",
      "cpu": [
        "x64"
      ],
      "dev": true,
      "license": "MIT",
      "optional": true,
      "os": [
        "linux"
      ]
    },
    "node_modules/@rolldown/binding-wasm32-wasi": {
      "version": "1.0.0-beta.3",
      "resolved": "https://registry.npmjs.org/@rolldown/binding-wasm32-wasi/-/binding-wasm32-wasi-1.0.0-beta.3.tgz",
      "integrity": "sha512-sYgbsbyspvVZ2zplqsTxjf2N3e8UQGQnSsN5u4bMX461gY5vAsjUiA4nf1/ztDBMHWT79lF2QNx4csjnjSxMlA==",
      "cpu": [
        "wasm32"
      ],
      "dev": true,
      "license": "MIT",
      "optional": true,
      "dependencies": {
        "@napi-rs/wasm-runtime": "^0.2.4"
      },
      "engines": {
        "node": ">=14.21.3"
      }
    },
    "node_modules/@rolldown/binding-win32-arm64-msvc": {
      "version": "1.0.0-beta.3",
      "resolved": "https://registry.npmjs.org/@rolldown/binding-win32-arm64-msvc/-/binding-win32-arm64-msvc-1.0.0-beta.3.tgz",
      "integrity": "sha512-qszMtrWybBLTFaew2WgEBRMlz1B/V8XxU87uezXlKcLW36aoRWR8LspZvqqoBkvJzbQtfOgm1HdTIk/v3Rn7QQ==",
      "cpu": [
        "arm64"
      ],
      "dev": true,
      "license": "MIT",
      "optional": true,
      "os": [
        "win32"
      ]
    },
    "node_modules/@rolldown/binding-win32-ia32-msvc": {
      "version": "1.0.0-beta.3",
      "resolved": "https://registry.npmjs.org/@rolldown/binding-win32-ia32-msvc/-/binding-win32-ia32-msvc-1.0.0-beta.3.tgz",
      "integrity": "sha512-J+mzAO68VK91coLVuUln/XN0ummIEOODyupZ2BmXY8suBHPVAyLLAP54rlucBPQmzU8fI6DXM2bl2whZ+KEXpQ==",
      "cpu": [
        "ia32"
      ],
      "dev": true,
      "license": "MIT",
      "optional": true,
      "os": [
        "win32"
      ]
    },
    "node_modules/@rolldown/binding-win32-x64-msvc": {
      "version": "1.0.0-beta.3",
      "resolved": "https://registry.npmjs.org/@rolldown/binding-win32-x64-msvc/-/binding-win32-x64-msvc-1.0.0-beta.3.tgz",
      "integrity": "sha512-r06rAi+1eStgavGnw+2y4F7gpb0w9ocnKk0Ir7LmegLAkMZ/v4Fjo9jZUrLTLtmI36108v1uvUPrIAFzFOWE7g==",
      "cpu": [
        "x64"
      ],
      "dev": true,
      "license": "MIT",
      "optional": true,
      "os": [
        "win32"
      ]
    },
    "node_modules/@tybys/wasm-util": {
      "version": "0.9.0",
      "resolved": "https://registry.npmjs.org/@tybys/wasm-util/-/wasm-util-0.9.0.tgz",
      "integrity": "sha512-6+7nlbMVX/PVDCwaIQ8nTOPveOcFLSt8GcXdx8hD0bt39uWxYT88uXzqTd4fTvqta7oeUJqudepapKNt2DYJFw==",
      "dev": true,
      "license": "MIT",
      "optional": true,
      "dependencies": {
        "tslib": "^2.4.0"
      }
    },
    "node_modules/@types/bun": {
      "version": "1.2.4",
      "resolved": "https://registry.npmjs.org/@types/bun/-/bun-1.2.4.tgz",
      "integrity": "sha512-QtuV5OMR8/rdKJs213iwXDpfVvnskPXY/S0ZiFbsTjQZycuqPbMW8Gf/XhLfwE5njW8sxI2WjISURXPlHypMFA==",
      "dev": true,
      "license": "MIT",
      "dependencies": {
        "bun-types": "1.2.4"
      }
    },
    "node_modules/@types/node": {
      "version": "22.13.9",
      "resolved": "https://registry.npmjs.org/@types/node/-/node-22.13.9.tgz",
      "integrity": "sha512-acBjXdRJ3A6Pb3tqnw9HZmyR3Fiol3aGxRCK1x3d+6CDAMjl7I649wpSd+yNURCjbOUGu9tqtLKnTGxmK6CyGw==",
      "dev": true,
      "license": "MIT",
      "dependencies": {
        "undici-types": "~6.20.0"
      }
    },
    "node_modules/@types/turndown": {
      "version": "5.0.5",
      "resolved": "https://registry.npmjs.org/@types/turndown/-/turndown-5.0.5.tgz",
      "integrity": "sha512-TL2IgGgc7B5j78rIccBtlYAnkuv8nUQqhQc+DSYV5j9Be9XOcm/SKOVRuA47xAVI3680Tk9B1d8flK2GWT2+4w==",
      "dev": true,
      "license": "MIT"
    },
    "node_modules/@types/ws": {
      "version": "8.5.14",
      "resolved": "https://registry.npmjs.org/@types/ws/-/ws-8.5.14.tgz",
      "integrity": "sha512-bd/YFLW+URhBzMXurx7lWByOu+xzU9+kb3RboOteXYDfW+tr+JZa99OyNmPINEGB/ahzKrEuc8rcv4gnpJmxTw==",
      "dev": true,
      "license": "MIT",
      "dependencies": {
        "@types/node": "*"
      }
    },
    "node_modules/@valibot/to-json-schema": {
      "version": "1.0.0-beta.4",
      "resolved": "https://registry.npmjs.org/@valibot/to-json-schema/-/to-json-schema-1.0.0-beta.4.tgz",
      "integrity": "sha512-wXBdCyoqec+NLCl5ihitXzZXD4JAjPK3+HfskSXzfhiNFvKje0A/v1LygqKidUgIbaJtREmq/poJGbaS/0MKuQ==",
      "dev": true,
      "license": "MIT",
      "peerDependencies": {
        "valibot": "^1.0.0 || ^1.0.0-beta.5 || ^1.0.0-rc"
      }
    },
    "node_modules/bun": {
      "version": "1.2.4",
      "resolved": "https://registry.npmjs.org/bun/-/bun-1.2.4.tgz",
      "integrity": "sha512-ZY0EZ/UKqheaLeAtMsfJA6jWoWvV9HAtfFaOJSmS3LrNpFKs1Sg5fZLSsczN1h3a+Dtheo4O3p3ZYWrf40kRGw==",
      "cpu": [
        "arm64",
        "x64",
        "aarch64"
      ],
      "hasInstallScript": true,
      "license": "MIT",
      "os": [
        "darwin",
        "linux",
        "win32"
      ],
      "bin": {
        "bun": "bin/bun.exe",
        "bunx": "bin/bun.exe"
      },
      "optionalDependencies": {
        "@oven/bun-darwin-aarch64": "1.2.4",
        "@oven/bun-darwin-x64": "1.2.4",
        "@oven/bun-darwin-x64-baseline": "1.2.4",
        "@oven/bun-linux-aarch64": "1.2.4",
        "@oven/bun-linux-aarch64-musl": "1.2.4",
        "@oven/bun-linux-x64": "1.2.4",
        "@oven/bun-linux-x64-baseline": "1.2.4",
        "@oven/bun-linux-x64-musl": "1.2.4",
        "@oven/bun-linux-x64-musl-baseline": "1.2.4",
        "@oven/bun-windows-x64": "1.2.4",
        "@oven/bun-windows-x64-baseline": "1.2.4"
      }
    },
    "node_modules/bun-types": {
      "version": "1.2.4",
      "resolved": "https://registry.npmjs.org/bun-types/-/bun-types-1.2.4.tgz",
      "integrity": "sha512-nDPymR207ZZEoWD4AavvEaa/KZe/qlrbMSchqpQwovPZCKc7pwMoENjEtHgMKaAjJhy+x6vfqSBA1QU3bJgs0Q==",
      "dev": true,
      "license": "MIT",
      "dependencies": {
        "@types/node": "*",
        "@types/ws": "~8.5.10"
      }
    },
    "node_modules/cac": {
      "version": "6.7.14",
      "resolved": "https://registry.npmjs.org/cac/-/cac-6.7.14.tgz",
      "integrity": "sha512-b6Ilus+c3RrdDk+JhLKUAQfzzgLEPy6wcXqS7f/xe1EETvsDP6GORG7SFuOs6cID5YkqchW/LXZbX5bc8j7ZcQ==",
      "dev": true,
      "license": "MIT",
      "engines": {
        "node": ">=8"
      }
    },
    "node_modules/eventemitter3": {
      "version": "5.0.1",
      "resolved": "https://registry.npmjs.org/eventemitter3/-/eventemitter3-5.0.1.tgz",
      "integrity": "sha512-GWkBvjiSZK87ELrYOSESUYeVIc9mvLLf/nXalMOS5dYrgZq9o5OVkbZAVM06CVxYsCwH9BDZFPlQTlPA1j4ahA==",
      "dev": true,
      "license": "MIT"
    },
    "node_modules/p-queue": {
      "version": "8.1.0",
      "resolved": "https://registry.npmjs.org/p-queue/-/p-queue-8.1.0.tgz",
      "integrity": "sha512-mxLDbbGIBEXTJL0zEx8JIylaj3xQ7Z/7eEVjcF9fJX4DBiH9oqe+oahYnlKKxm0Ci9TlWTyhSHgygxMxjIB2jw==",
      "dev": true,
      "license": "MIT",
      "dependencies": {
        "eventemitter3": "^5.0.1",
        "p-timeout": "^6.1.2"
      },
      "engines": {
        "node": ">=18"
      },
      "funding": {
        "url": "https://github.com/sponsors/sindresorhus"
      }
    },
    "node_modules/p-timeout": {
      "version": "6.1.4",
      "resolved": "https://registry.npmjs.org/p-timeout/-/p-timeout-6.1.4.tgz",
      "integrity": "sha512-MyIV3ZA/PmyBN/ud8vV9XzwTrNtR4jFrObymZYnZqMmW0zA8Z17vnT0rBgFE/TlohB+YCHqXMgZzb3Csp49vqg==",
      "dev": true,
      "license": "MIT",
      "engines": {
        "node": ">=14.16"
      },
      "funding": {
        "url": "https://github.com/sponsors/sindresorhus"
      }
    },
    "node_modules/playwright-core": {
      "version": "1.50.1",
      "resolved": "https://registry.npmjs.org/playwright-core/-/playwright-core-1.50.1.tgz",
      "integrity": "sha512-ra9fsNWayuYumt+NiM069M6OkcRb1FZSK8bgi66AtpFoWkg2+y0bJSNmkFrWhMbEBbVKC/EruAHH3g0zmtwGmQ==",
      "license": "Apache-2.0",
      "bin": {
        "playwright-core": "cli.js"
      },
      "engines": {
        "node": ">=18"
      }
    },
    "node_modules/prettier": {
      "version": "3.5.3",
      "resolved": "https://registry.npmjs.org/prettier/-/prettier-3.5.3.tgz",
      "integrity": "sha512-QQtaxnoDJeAkDvDKWCLiwIXkTgRhwYDEQCghU9Z6q03iyek/rxRh/2lC3HB7P8sWT2xC/y5JDctPLBIGzHKbhw==",
      "dev": true,
      "license": "MIT",
      "bin": {
        "prettier": "bin/prettier.cjs"
      },
      "engines": {
        "node": ">=14"
      },
      "funding": {
        "url": "https://github.com/prettier/prettier?sponsor=1"
      }
    },
    "node_modules/rolldown": {
      "version": "1.0.0-beta.3",
      "resolved": "https://registry.npmjs.org/rolldown/-/rolldown-1.0.0-beta.3.tgz",
      "integrity": "sha512-DBpF1K8tSwU/0dQ7zL9BYcje0/GjO5lgfdEW0rHHFfGjGDh8TBVNlokfEXtdt/IoJOiTdtySfsrgarLJkZmZTQ==",
      "dev": true,
      "license": "MIT",
      "dependencies": {
        "@oxc-project/types": "0.46.0",
        "@valibot/to-json-schema": "1.0.0-beta.4",
        "valibot": "1.0.0-beta.12"
      },
      "bin": {
        "rolldown": "bin/cli.js"
      },
      "optionalDependencies": {
        "@rolldown/binding-darwin-arm64": "1.0.0-beta.3",
        "@rolldown/binding-darwin-x64": "1.0.0-beta.3",
        "@rolldown/binding-freebsd-x64": "1.0.0-beta.3",
        "@rolldown/binding-linux-arm-gnueabihf": "1.0.0-beta.3",
        "@rolldown/binding-linux-arm64-gnu": "1.0.0-beta.3",
        "@rolldown/binding-linux-arm64-musl": "1.0.0-beta.3",
        "@rolldown/binding-linux-x64-gnu": "1.0.0-beta.3",
        "@rolldown/binding-linux-x64-musl": "1.0.0-beta.3",
        "@rolldown/binding-wasm32-wasi": "1.0.0-beta.3",
        "@rolldown/binding-win32-arm64-msvc": "1.0.0-beta.3",
        "@rolldown/binding-win32-ia32-msvc": "1.0.0-beta.3",
        "@rolldown/binding-win32-x64-msvc": "1.0.0-beta.3"
      },
      "peerDependencies": {
        "@babel/runtime": ">=7"
      },
      "peerDependenciesMeta": {
        "@babel/runtime": {
          "optional": true
        }
      }
    },
    "node_modules/tslib": {
      "version": "2.8.1",
      "resolved": "https://registry.npmjs.org/tslib/-/tslib-2.8.1.tgz",
      "integrity": "sha512-oJFu94HQb+KVduSUQL7wnpmqnfmLsOA/nAh6b6EH0wCEoK0/mPeXU6c3wKDV83MkOuHPRHtSXKKU99IBazS/2w==",
      "dev": true,
      "license": "0BSD",
      "optional": true
    },
    "node_modules/turndown": {
      "version": "7.2.0",
      "resolved": "https://registry.npmjs.org/turndown/-/turndown-7.2.0.tgz",
      "integrity": "sha512-eCZGBN4nNNqM9Owkv9HAtWRYfLA4h909E/WGAWWBpmB275ehNhZyk87/Tpvjbp0jjNl9XwCsbe6bm6CqFsgD+A==",
      "dev": true,
      "license": "MIT",
      "dependencies": {
        "@mixmark-io/domino": "^2.2.0"
      }
    },
    "node_modules/turndown-plugin-gfm": {
      "version": "1.0.2",
      "resolved": "https://registry.npmjs.org/turndown-plugin-gfm/-/turndown-plugin-gfm-1.0.2.tgz",
      "integrity": "sha512-vwz9tfvF7XN/jE0dGoBei3FXWuvll78ohzCZQuOb+ZjWrs3a0XhQVomJEb2Qh4VHTPNRO4GPZh0V7VRbiWwkRg==",
      "dev": true,
      "license": "MIT"
    },
    "node_modules/typescript": {
      "version": "5.8.2",
      "resolved": "https://registry.npmjs.org/typescript/-/typescript-5.8.2.tgz",
      "integrity": "sha512-aJn6wq13/afZp/jT9QZmwEjDqqvSGp1VT5GVg+f/t6/oVyrgXM6BY1h9BRh/O5p3PlUPAe+WuiEZOmb/49RqoQ==",
      "dev": true,
      "license": "Apache-2.0",
      "bin": {
        "tsc": "bin/tsc",
        "tsserver": "bin/tsserver"
      },
      "engines": {
        "node": ">=14.17"
      }
    },
    "node_modules/undici-types": {
      "version": "6.20.0",
      "resolved": "https://registry.npmjs.org/undici-types/-/undici-types-6.20.0.tgz",
      "integrity": "sha512-Ny6QZ2Nju20vw1SRHe3d9jVu6gJ+4e3+MMpqu7pqE5HT6WsTSlce++GQmK5UXS8mzV8DSYHrQH+Xrf2jVcuKNg==",
      "dev": true,
      "license": "MIT"
    },
    "node_modules/valibot": {
      "version": "1.0.0-beta.12",
      "resolved": "https://registry.npmjs.org/valibot/-/valibot-1.0.0-beta.12.tgz",
      "integrity": "sha512-j3WIxJ0pmUFMfdfUECn3YnZPYOiG0yHYcFEa/+RVgo0I+MXE3ToLt7gNRLtY5pwGfgNmsmhenGZfU5suu9ijUA==",
      "dev": true,
      "license": "MIT",
      "peerDependencies": {
        "typescript": ">=5"
      },
      "peerDependenciesMeta": {
        "typescript": {
          "optional": true
        }
      }
    }
  }
}
